
Microsoft Visual Studio Solution File, Format Version 11.00
# Visual Studio 2010
Project("{2150E333-8FDC-42A3-9474-1A3956D46DE8}") = "1. Sample Applications", "1. Sample Applications", "{4F80DE92-DB72-45DA-8984-07AECA11EEFE}"
EndProject
Project("{FAE04EC0-301F-11D3-BF4B-00C04F79EFBC}") = "MvvmCross-ObjectList.Touch", "MvvmCross-ObjectList.Touch\MvvmCross-ObjectList.Touch.csproj", "{4A7E575B-8937-4FD3-BC10-A71B9EC3ACD5}"
EndProject
Project("{FAE04EC0-301F-11D3-BF4B-00C04F79EFBC}") = "MvvmCross-ObjectList.Droid", "MvvmCross-ObjectList.Droid\MvvmCross-ObjectList.Droid.csproj", "{98A2BBC4-399A-462B-ABD9-384379EEE888}"
EndProject
Project("{2150E333-8FDC-42A3-9474-1A3956D46DE8}") = "2. MvvmCross Libs", "2. MvvmCross Libs", "{6D54C41F-C33D-4F9E-B17D-A5E18F78FB11}"
EndProject
Project("{FAE04EC0-301F-11D3-BF4B-00C04F79EFBC}") = "MvvmCross-ObjectList.Core", "MvvmCross-ObjectList.Core\MvvmCross-ObjectList.Core.csproj", "{98D81B5E-8B41-4ABB-B34F-31C77CFCABB3}"
EndProject
Project("{2150E333-8FDC-42A3-9474-1A3956D46DE8}") = "3. ObjectList Binding", "3. ObjectList Binding", "{F42BAC5A-5950-4A27-A8D8-F3FCAF335A8C}"
EndProject
Project("{FAE04EC0-301F-11D3-BF4B-00C04F79EFBC}") = "MvvmCross-ObjectList", "MvvmCross-ObjectList\MvvmCross-ObjectList.csproj", "{D9D47CFF-DCE8-4A12-BF36-202A3B5384BF}"
EndProject
Project("{2150E333-8FDC-42A3-9474-1A3956D46DE8}") = "Solution Items", "Solution Items", "{B04F72FB-ABDF-4716-BC35-8D232154B94F}"
	ProjectSection(SolutionItems) = preProject
		README.md = README.md
	EndProjectSection
EndProject
Global
	GlobalSection(SolutionConfigurationPlatforms) = preSolution
		Debug|Any CPU = Debug|Any CPU
		Release|Any CPU = Release|Any CPU
		Debug|iPhoneSimulator = Debug|iPhoneSimulator
		Release|iPhoneSimulator = Release|iPhoneSimulator
		Debug|iPhone = Debug|iPhone
		Release|iPhone = Release|iPhone
		Ad-Hoc|iPhone = Ad-Hoc|iPhone
		AppStore|iPhone = AppStore|iPhone
	EndGlobalSection
	GlobalSection(ProjectConfigurationPlatforms) = postSolution
		{4A7E575B-8937-4FD3-BC10-A71B9EC3ACD5}.Ad-Hoc|iPhone.ActiveCfg = Ad-Hoc|iPhone
		{4A7E575B-8937-4FD3-BC10-A71B9EC3ACD5}.Ad-Hoc|iPhone.Build.0 = Ad-Hoc|iPhone
		{4A7E575B-8937-4FD3-BC10-A71B9EC3ACD5}.AppStore|iPhone.ActiveCfg = AppStore|iPhone
		{4A7E575B-8937-4FD3-BC10-A71B9EC3ACD5}.AppStore|iPhone.Build.0 = AppStore|iPhone
		{4A7E575B-8937-4FD3-BC10-A71B9EC3ACD5}.Debug|Any CPU.ActiveCfg = Debug|iPhoneSimulator
		{4A7E575B-8937-4FD3-BC10-A71B9EC3ACD5}.Debug|iPhone.ActiveCfg = Debug|iPhone
		{4A7E575B-8937-4FD3-BC10-A71B9EC3ACD5}.Debug|iPhone.Build.0 = Debug|iPhone
		{4A7E575B-8937-4FD3-BC10-A71B9EC3ACD5}.Debug|iPhoneSimulator.ActiveCfg = Debug|iPhoneSimulator
		{4A7E575B-8937-4FD3-BC10-A71B9EC3ACD5}.Debug|iPhoneSimulator.Build.0 = Debug|iPhoneSimulator
		{4A7E575B-8937-4FD3-BC10-A71B9EC3ACD5}.Release|Any CPU.ActiveCfg = Release|iPhoneSimulator
		{4A7E575B-8937-4FD3-BC10-A71B9EC3ACD5}.Release|iPhone.ActiveCfg = Release|iPhone
		{4A7E575B-8937-4FD3-BC10-A71B9EC3ACD5}.Release|iPhone.Build.0 = Release|iPhone
		{4A7E575B-8937-4FD3-BC10-A71B9EC3ACD5}.Release|iPhoneSimulator.ActiveCfg = Release|iPhoneSimulator
		{4A7E575B-8937-4FD3-BC10-A71B9EC3ACD5}.Release|iPhoneSimulator.Build.0 = Release|iPhoneSimulator
		{98A2BBC4-399A-462B-ABD9-384379EEE888}.Ad-Hoc|iPhone.ActiveCfg = Release|Any CPU
		{98A2BBC4-399A-462B-ABD9-384379EEE888}.AppStore|iPhone.ActiveCfg = Release|Any CPU
		{98A2BBC4-399A-462B-ABD9-384379EEE888}.Debug|Any CPU.ActiveCfg = Debug|Any CPU
		{98A2BBC4-399A-462B-ABD9-384379EEE888}.Debug|Any CPU.Build.0 = Debug|Any CPU
		{98A2BBC4-399A-462B-ABD9-384379EEE888}.Debug|iPhone.ActiveCfg = Debug|Any CPU
		{98A2BBC4-399A-462B-ABD9-384379EEE888}.Debug|iPhoneSimulator.ActiveCfg = Debug|Any CPU
		{98A2BBC4-399A-462B-ABD9-384379EEE888}.Release|Any CPU.ActiveCfg = Release|Any CPU
		{98A2BBC4-399A-462B-ABD9-384379EEE888}.Release|Any CPU.Build.0 = Release|Any CPU
		{98A2BBC4-399A-462B-ABD9-384379EEE888}.Release|iPhone.ActiveCfg = Release|Any CPU
		{98A2BBC4-399A-462B-ABD9-384379EEE888}.Release|iPhoneSimulator.ActiveCfg = Release|Any CPU
		{98D81B5E-8B41-4ABB-B34F-31C77CFCABB3}.Ad-Hoc|iPhone.ActiveCfg = Release|Any CPU
		{98D81B5E-8B41-4ABB-B34F-31C77CFCABB3}.Ad-Hoc|iPhone.Build.0 = Release|Any CPU
		{98D81B5E-8B41-4ABB-B34F-31C77CFCABB3}.AppStore|iPhone.ActiveCfg = Release|Any CPU
		{98D81B5E-8B41-4ABB-B34F-31C77CFCABB3}.AppStore|iPhone.Build.0 = Release|Any CPU
		{98D81B5E-8B41-4ABB-B34F-31C77CFCABB3}.Debug|Any CPU.ActiveCfg = Debug|Any CPU
		{98D81B5E-8B41-4ABB-B34F-31C77CFCABB3}.Debug|Any CPU.Build.0 = Debug|Any CPU
		{98D81B5E-8B41-4ABB-B34F-31C77CFCABB3}.Debug|iPhone.ActiveCfg = Debug|Any CPU
		{98D81B5E-8B41-4ABB-B34F-31C77CFCABB3}.Debug|iPhone.Build.0 = Debug|Any CPU
		{98D81B5E-8B41-4ABB-B34F-31C77CFCABB3}.Debug|iPhoneSimulator.ActiveCfg = Debug|Any CPU
		{98D81B5E-8B41-4ABB-B34F-31C77CFCABB3}.Debug|iPhoneSimulator.Build.0 = Debug|Any CPU
		{98D81B5E-8B41-4ABB-B34F-31C77CFCABB3}.Release|Any CPU.ActiveCfg = Release|Any CPU
		{98D81B5E-8B41-4ABB-B34F-31C77CFCABB3}.Release|Any CPU.Build.0 = Release|Any CPU
		{98D81B5E-8B41-4ABB-B34F-31C77CFCABB3}.Release|iPhone.ActiveCfg = Release|Any CPU
		{98D81B5E-8B41-4ABB-B34F-31C77CFCABB3}.Release|iPhone.Build.0 = Release|Any CPU
		{98D81B5E-8B41-4ABB-B34F-31C77CFCABB3}.Release|iPhoneSimulator.ActiveCfg = Release|Any CPU
		{98D81B5E-8B41-4ABB-B34F-31C77CFCABB3}.Release|iPhoneSimulator.Build.0 = Release|Any CPU
		{D9D47CFF-DCE8-4A12-BF36-202A3B5384BF}.Ad-Hoc|iPhone.ActiveCfg = Release|Any CPU
		{D9D47CFF-DCE8-4A12-BF36-202A3B5384BF}.Ad-Hoc|iPhone.Build.0 = Release|Any CPU
		{D9D47CFF-DCE8-4A12-BF36-202A3B5384BF}.AppStore|iPhone.ActiveCfg = Release|Any CPU
		{D9D47CFF-DCE8-4A12-BF36-202A3B5384BF}.AppStore|iPhone.Build.0 = Release|Any CPU
		{D9D47CFF-DCE8-4A12-BF36-202A3B5384BF}.Debug|Any CPU.ActiveCfg = Debug|Any CPU
		{D9D47CFF-DCE8-4A12-BF36-202A3B5384BF}.Debug|Any CPU.Build.0 = Debug|Any CPU
		{D9D47CFF-DCE8-4A12-BF36-202A3B5384BF}.Debug|iPhone.ActiveCfg = Debug|Any CPU
		{D9D47CFF-DCE8-4A12-BF36-202A3B5384BF}.Debug|iPhone.Build.0 = Debug|Any CPU
		{D9D47CFF-DCE8-4A12-BF36-202A3B5384BF}.Debug|iPhoneSimulator.ActiveCfg = Debug|Any CPU
		{D9D47CFF-DCE8-4A12-BF36-202A3B5384BF}.Debug|iPhoneSimulator.Build.0 = Debug|Any CPU
		{D9D47CFF-DCE8-4A12-BF36-202A3B5384BF}.Release|Any CPU.ActiveCfg = Release|Any CPU
		{D9D47CFF-DCE8-4A12-BF36-202A3B5384BF}.Release|Any CPU.Build.0 = Release|Any CPU
		{D9D47CFF-DCE8-4A12-BF36-202A3B5384BF}.Release|iPhone.ActiveCfg = Release|Any CPU
		{D9D47CFF-DCE8-4A12-BF36-202A3B5384BF}.Release|iPhone.Build.0 = Release|Any CPU
		{D9D47CFF-DCE8-4A12-BF36-202A3B5384BF}.Release|iPhoneSimulator.ActiveCfg = Release|Any CPU
		{D9D47CFF-DCE8-4A12-BF36-202A3B5384BF}.Release|iPhoneSimulator.Build.0 = Release|Any CPU
	EndGlobalSection
	GlobalSection(NestedProjects) = preSolution
		{4A7E575B-8937-4FD3-BC10-A71B9EC3ACD5} = {4F80DE92-DB72-45DA-8984-07AECA11EEFE}
		{98A2BBC4-399A-462B-ABD9-384379EEE888} = {4F80DE92-DB72-45DA-8984-07AECA11EEFE}
		{98D81B5E-8B41-4ABB-B34F-31C77CFCABB3} = {6D54C41F-C33D-4F9E-B17D-A5E18F78FB11}
		{D9D47CFF-DCE8-4A12-BF36-202A3B5384BF} = {F42BAC5A-5950-4A27-A8D8-F3FCAF335A8C}
	EndGlobalSection
	GlobalSection(MonoDevelopProperties) = preSolution
		StartupItem = MvvmCross-ObjectList.Droid\MvvmCross-ObjectList.Droid.csproj
	EndGlobalSection
EndGlobal
